<?xml version="1.0" encoding="utf-8"?>
<Project ToolsVersion="4.0" xmlns="http://schemas.microsoft.com/developer/msbuild/2003">
  <ItemGroup>
    <Filter Include="Source Files">
      <UniqueIdentifier>{4FC737F1-C7A5-4376-A066-2A32D752A2FF}</UniqueIdentifier>
      <Extensions>cpp;c;cc;cxx;c++;cppm;ixx;def;odl;idl;hpj;bat;asm;asmx</Extensions>
    </Filter>
    <Filter Include="Header Files">
      <UniqueIdentifier>{93995380-89BD-4b04-88EB-625FBE52EBFB}</UniqueIdentifier>
      <Extensions>h;hh;hpp;hxx;h++;hm;inl;inc;ipp;xsd</Extensions>
    </Filter>
    <Filter Include="Resource Files">
      <UniqueIdentifier>{67DA6AB6-F800-4c08-8B7A-83BB121AAD01}</UniqueIdentifier>
      <Extensions>rc;ico;cur;bmp;dlg;rc2;rct;bin;rgs;gif;jpg;jpeg;jpe;resx;tiff;tif;png;wav;mfcribbon-ms</Extensions>
    </Filter>
    <Filter Include="Header Files\Wood">
      <UniqueIdentifier>{571bfdb9-996a-4cef-9815-b12ba131ee89}</UniqueIdentifier>
    </Filter>
    <Filter Include="Header Files\Marble">
      <UniqueIdentifier>{c93b7f5c-9aa9-466f-b9ab-ed8e797b8276}</UniqueIdentifier>
    </Filter>
    <Filter Include="Header Files\Bin">
      <UniqueIdentifier>{5e0fae64-ed8d-46c8-99c4-a709d46bad6f}</UniqueIdentifier>
    </Filter>
    <Filter Include="Header Files\Menu">
      <UniqueIdentifier>{09f53ef7-b50b-4df3-991d-d123f0a27e10}</UniqueIdentifier>
    </Filter>
  </ItemGroup>
  <ItemGroup>
    <ClCompile Include="src\glad.c">
      <Filter>Source Files</Filter>
    </ClCompile>
    <ClCompile Include="src\Main.cpp">
      <Filter>Source Files</Filter>
    </ClCompile>
  </ItemGroup>
  <ItemGroup>
    <ClInclude Include="header\camera.h">
      <Filter>Header Files</Filter>
    </ClInclude>
    <ClInclude Include="header\mesh.h">
      <Filter>Header Files</Filter>
    </ClInclude>
    <ClInclude Include="header\model.h">
      <Filter>Header Files</Filter>
    </ClInclude>
    <ClInclude Include="header\shader_m.h">
      <Filter>Header Files</Filter>
    </ClInclude>
    <ClInclude Include="header\stb_image.h">
      <Filter>Header Files</Filter>
    </ClInclude>
    <ClInclude Include="header\Wood.h">
      <Filter>Header Files\Wood</Filter>
    </ClInclude>
    <ClInclude Include="Header\Marble.h">
      <Filter>Header Files\Marble</Filter>
    </ClInclude>
    <ClInclude Include="header\Util.h">
      <Filter>Header Files</Filter>
    </ClInclude>
    <ClInclude Include="header\BIn.h">
      <Filter>Header Files\Bin</Filter>
    </ClInclude>
    <ClInclude Include="header\Menu.h">
      <Filter>Header Files\Menu</Filter>
    </ClInclude>
  </ItemGroup>
  <ItemGroup>
    <None Include="header\wood.vs">
      <Filter>Header Files\Wood</Filter>
    </None>
    <None Include="header\wood.fs">
      <Filter>Header Files\Wood</Filter>
    </None>
    <None Include="vertex.vs">
      <Filter>Header Files</Filter>
    </None>
    <None Include="fragment.fs">
      <Filter>Header Files</Filter>
    </None>
    <None Include="header\marble.vs">
      <Filter>Header Files\Marble</Filter>
    </None>
    <None Include="header\marble.fs">
      <Filter>Header Files\Marble</Filter>
    </None>
    <None Include="header\icon.vs">
      <Filter>Header Files\Menu</Filter>
    </None>
    <None Include="header\icon.fs">
      <Filter>Header Files\Menu</Filter>
    </None>
    <None Include="header\bin.fs">
      <Filter>Header Files\Bin</Filter>
    </None>
    <None Include="header\bin.vs">
      <Filter>Header Files\Bin</Filter>
    </None>
    <None Include="header\text.fs">
      <Filter>Header Files\Menu</Filter>
    </None>
    <None Include="header\text.vs">
      <Filter>Header Files\Menu</Filter>
    </None>
  </ItemGroup>
  <ItemGroup>
    <Image Include="res\pencil.png">
      <Filter>Resource Files</Filter>
    </Image>
    <Image Include="res\rocket.jpg">
      <Filter>Resource Files</Filter>
    </Image>
    <Image Include="res\eraser.png">
      <Filter>Resource Files</Filter>
    </Image>
  </ItemGroup>
</Project>